
Microsoft Visual Studio Solution File, Format Version 12.00
# Visual Studio Version 17
VisualStudioVersion = 17.3.32811.315
MinimumVisualStudioVersion = 10.0.40219.1
Project("{FAE04EC0-301F-11D3-BF4B-00C04F79EFBC}") = "LarguraTerrenoComPreco", "LarguraTerrenoComPreco\LarguraTerrenoComPreco.csproj", "{D91AD82C-4609-4BA1-923F-61F8C3DF3C7D}"
EndProject
Global
	GlobalSection(SolutionConfigurationPlatforms) = preSolution
		Debug|Any CPU = Debug|Any CPU
		Release|Any CPU = Release|Any CPU
	EndGlobalSection
	GlobalSection(ProjectConfigurationPlatforms) = postSolution
		{D91AD82C-4609-4BA1-923F-61F8C3DF3C7D}.Debug|Any CPU.ActiveCfg = Debug|Any CPU
		{D91AD82C-4609-4BA1-923F-61F8C3DF3C7D}.Debug|Any CPU.Build.0 = Debug|Any CPU
		{D91AD82C-4609-4BA1-923F-61F8C3DF3C7D}.Release|Any CPU.ActiveCfg = Release|Any CPU
		{D91AD82C-4609-4BA1-923F-61F8C3DF3C7D}.Release|Any CPU.Build.0 = Release|Any CPU
	EndGlobalSection
	GlobalSection(SolutionProperties) = preSolution
		HideSolutionNode = FALSE
	EndGlobalSection
	GlobalSection(ExtensibilityGlobals) = postSolution
		SolutionGuid = {C8ED557E-44E1-4E08-A6AD-455478D7E32B}
	EndGlobalSection
EndGlobal
