
Microsoft Visual Studio Solution File, Format Version 12.00
# Visual Studio Version 17
VisualStudioVersion = 17.3.32811.315
MinimumVisualStudioVersion = 10.0.40219.1
Project("{FAE04EC0-301F-11D3-BF4B-00C04F79EFBC}") = "DadosDuasPessoasRetornaOMaisVelho", "DadosDuasPessoasRetornaOMaisVelho\DadosDuasPessoasRetornaOMaisVelho.csproj", "{C171D165-9E18-4AFB-A964-2C73F45F656A}"
EndProject
Global
	GlobalSection(SolutionConfigurationPlatforms) = preSolution
		Debug|Any CPU = Debug|Any CPU
		Release|Any CPU = Release|Any CPU
	EndGlobalSection
	GlobalSection(ProjectConfigurationPlatforms) = postSolution
		{C171D165-9E18-4AFB-A964-2C73F45F656A}.Debug|Any CPU.ActiveCfg = Debug|Any CPU
		{C171D165-9E18-4AFB-A964-2C73F45F656A}.Debug|Any CPU.Build.0 = Debug|Any CPU
		{C171D165-9E18-4AFB-A964-2C73F45F656A}.Release|Any CPU.ActiveCfg = Release|Any CPU
		{C171D165-9E18-4AFB-A964-2C73F45F656A}.Release|Any CPU.Build.0 = Release|Any CPU
	EndGlobalSection
	GlobalSection(SolutionProperties) = preSolution
		HideSolutionNode = FALSE
	EndGlobalSection
	GlobalSection(ExtensibilityGlobals) = postSolution
		SolutionGuid = {2907D9E2-D517-4CDF-96D6-4CFB0C679948}
	EndGlobalSection
EndGlobal
