
Microsoft Visual Studio Solution File, Format Version 12.00
# Visual Studio Version 17
VisualStudioVersion = 17.4.33213.308
MinimumVisualStudioVersion = 10.0.40219.1
Project("{FAE04EC0-301F-11D3-BF4B-00C04F79EFBC}") = "Poust", "Poust\Poust.csproj", "{5053706E-0378-41D1-94F2-0529BEBFABE7}"
EndProject
Global
	GlobalSection(SolutionConfigurationPlatforms) = preSolution
		Debug|Any CPU = Debug|Any CPU
		Release|Any CPU = Release|Any CPU
	EndGlobalSection
	GlobalSection(ProjectConfigurationPlatforms) = postSolution
		{5053706E-0378-41D1-94F2-0529BEBFABE7}.Debug|Any CPU.ActiveCfg = Debug|Any CPU
		{5053706E-0378-41D1-94F2-0529BEBFABE7}.Debug|Any CPU.Build.0 = Debug|Any CPU
		{5053706E-0378-41D1-94F2-0529BEBFABE7}.Release|Any CPU.ActiveCfg = Release|Any CPU
		{5053706E-0378-41D1-94F2-0529BEBFABE7}.Release|Any CPU.Build.0 = Release|Any CPU
	EndGlobalSection
	GlobalSection(SolutionProperties) = preSolution
		HideSolutionNode = FALSE
	EndGlobalSection
	GlobalSection(ExtensibilityGlobals) = postSolution
		SolutionGuid = {8B72568B-858D-4788-B9F5-A6CAFA122217}
	EndGlobalSection
EndGlobal
